
Microsoft Visual Studio Solution File, Format Version 12.00
# Visual Studio Version 16
VisualStudioVersion = 16.0.810.7
MinimumVisualStudioVersion = 10.0.40219.1
Project("{FAE04EC0-301F-11D3-BF4B-00C04F79EFBC}") = "Zoo-grls-pwr", "Zoo-grls-pwr.csproj", "{88BE0096-79A0-451A-B903-87AAE3FB4352}"
EndProject
Global
	GlobalSection(SolutionConfigurationPlatforms) = preSolution
		Debug|Any CPU = Debug|Any CPU
		Release|Any CPU = Release|Any CPU
	EndGlobalSection
	GlobalSection(ProjectConfigurationPlatforms) = postSolution
		{88BE0096-79A0-451A-B903-87AAE3FB4352}.Debug|Any CPU.ActiveCfg = Debug|Any CPU
		{88BE0096-79A0-451A-B903-87AAE3FB4352}.Debug|Any CPU.Build.0 = Debug|Any CPU
		{88BE0096-79A0-451A-B903-87AAE3FB4352}.Release|Any CPU.ActiveCfg = Release|Any CPU
		{88BE0096-79A0-451A-B903-87AAE3FB4352}.Release|Any CPU.Build.0 = Release|Any CPU
	EndGlobalSection
	GlobalSection(SolutionProperties) = preSolution
		HideSolutionNode = FALSE
	EndGlobalSection
	GlobalSection(ExtensibilityGlobals) = postSolution
		SolutionGuid = {F19A67CA-5229-4C26-BB50-B5D666A285DE}
	EndGlobalSection
EndGlobal
